
Microsoft Visual Studio Solution File, Format Version 12.00
# Visual Studio Version 16
VisualStudioVersion = 16.0.29911.84
MinimumVisualStudioVersion = 10.0.40219.1
Project("{9A19103F-16F7-4668-BE54-9A1E7A4F7556}") = "StarClub", "StarClub\StarClub.csproj", "{D444F088-98AF-4D2C-8443-8FC556B9BDF3}"
EndProject
Global
	GlobalSection(SolutionConfigurationPlatforms) = preSolution
		Debug|Any CPU = Debug|Any CPU
		Release|Any CPU = Release|Any CPU
	EndGlobalSection
	GlobalSection(ProjectConfigurationPlatforms) = postSolution
		{D444F088-98AF-4D2C-8443-8FC556B9BDF3}.Debug|Any CPU.ActiveCfg = Debug|Any CPU
		{D444F088-98AF-4D2C-8443-8FC556B9BDF3}.Debug|Any CPU.Build.0 = Debug|Any CPU
		{D444F088-98AF-4D2C-8443-8FC556B9BDF3}.Release|Any CPU.ActiveCfg = Release|Any CPU
		{D444F088-98AF-4D2C-8443-8FC556B9BDF3}.Release|Any CPU.Build.0 = Release|Any CPU
	EndGlobalSection
	GlobalSection(SolutionProperties) = preSolution
		HideSolutionNode = FALSE
	EndGlobalSection
	GlobalSection(ExtensibilityGlobals) = postSolution
		SolutionGuid = {D2AB7B49-745A-4F39-BA66-F8A6A9BDFEA4}
	EndGlobalSection
EndGlobal
